
Microsoft Visual Studio Solution File, Format Version 12.00
# Visual Studio Version 16
VisualStudioVersion = 16.0.30804.86
MinimumVisualStudioVersion = 10.0.40219.1
Project("{9A19103F-16F7-4668-BE54-9A1E7A4F7556}") = "AzWebSite", "AzWebSite\AzWebSite.csproj", "{A875B4BE-B0DD-4134-93BC-E666726F80B7}"
EndProject
Project("{2150E333-8FDC-42A3-9474-1A3956D46DE8}") = "AppService", "AppService", "{52BDFB60-4548-4C95-9BFE-DE6A75BC27CF}"
EndProject
Project("{2150E333-8FDC-42A3-9474-1A3956D46DE8}") = "Webjob", "Webjob", "{BC96797D-8D9D-4947-8DAF-CFAB2B7131B6}"
EndProject
Project("{9A19103F-16F7-4668-BE54-9A1E7A4F7556}") = "WebJob.SDK", "WebJob.SDK\WebJob.SDK.csproj", "{470DF7C9-9B19-4E9B-B3E5-5A759DF63448}"
EndProject
Project("{2150E333-8FDC-42A3-9474-1A3956D46DE8}") = "FunctionApp", "FunctionApp", "{F439E177-CFAF-4E12-B011-14027C849044}"
EndProject
Project("{9A19103F-16F7-4668-BE54-9A1E7A4F7556}") = "VsFunctionApp", "VsFunctionApp\VsFunctionApp.csproj", "{051B6221-6129-484B-910F-D4998043625A}"
EndProject
Project("{9A19103F-16F7-4668-BE54-9A1E7A4F7556}") = "DurableFunction", "DurableFunction\DurableFunction.csproj", "{986C252E-C30F-49AB-B4CA-3914778D485A}"
EndProject
Project("{2150E333-8FDC-42A3-9474-1A3956D46DE8}") = "Blobs", "Blobs", "{72B89CBC-5E70-497D-8A0E-120788419058}"
EndProject
Project("{9A19103F-16F7-4668-BE54-9A1E7A4F7556}") = "AzureBlobsSDK", "AzureBlobsSDK\AzureBlobsSDK.csproj", "{88C3B97E-0C3E-4476-8F00-BD3B241F19C2}"
EndProject
Project("{2150E333-8FDC-42A3-9474-1A3956D46DE8}") = "CosmosDb", "CosmosDb", "{01ABC77F-7057-4E73-87DC-F52DCCE2EE94}"
EndProject
Project("{FAE04EC0-301F-11D3-BF4B-00C04F79EFBC}") = "CosmosDB.DotNetSDK", "CosmosDB.DotNetSDK\CosmosDB.DotNetSDK.csproj", "{7A7E54CC-4AB2-483F-BAEB-3B7BB1D57CC6}"
EndProject
Project("{FAE04EC0-301F-11D3-BF4B-00C04F79EFBC}") = "CosmosDB.SP_Triggers_UDFS", "CosmosDB.SP_Triggers_UDFS\CosmosDB.SP_Triggers_UDFS.csproj", "{9B0D8F14-D8AD-4F75-A3D0-0DE5C237B8EF}"
EndProject
Project("{2150E333-8FDC-42A3-9474-1A3956D46DE8}") = "RedisCache", "RedisCache", "{04C4EA69-CA9F-4C1D-AA59-24196994BA61}"
EndProject
Project("{9A19103F-16F7-4668-BE54-9A1E7A4F7556}") = "RedisCacheWebApp", "RedisCacheWebApp\RedisCacheWebApp.csproj", "{0E0408F9-F376-4F2D-88BD-2865068B9CA2}"
EndProject
Project("{2150E333-8FDC-42A3-9474-1A3956D46DE8}") = "Authentication", "Authentication", "{18501ABD-7BAD-4279-B3FC-A78DDCA07F00}"
	ProjectSection(SolutionItems) = preProject
		..\..\..\Desktop\Azure AD v2.0 Protocols.postman_collection.json = ..\..\..\Desktop\Azure AD v2.0 Protocols.postman_collection.json
	EndProjectSection
EndProject
Project("{FAE04EC0-301F-11D3-BF4B-00C04F79EFBC}") = "AZ204Auth", "AZ204Auth\AZ204Auth.csproj", "{6745D224-2A70-4972-A640-430263312C6E}"
EndProject
Project("{2150E333-8FDC-42A3-9474-1A3956D46DE8}") = "KeyVault", "KeyVault", "{DB04EDE3-3753-4B64-8A57-513078E18F83}"
EndProject
Project("{FAE04EC0-301F-11D3-BF4B-00C04F79EFBC}") = "KeyVaultAccess", "KeyVaultAccess\KeyVaultAccess.csproj", "{282EEEC8-6F86-425E-9329-5B23DF612DA8}"
EndProject
Project("{FAE04EC0-301F-11D3-BF4B-00C04F79EFBC}") = "ManagedIdentity", "ManagedIdentity\ManagedIdentity.csproj", "{E9A1D57A-216C-471E-9482-37ABE68E58E0}"
EndProject
Project("{2150E333-8FDC-42A3-9474-1A3956D46DE8}") = "ApplicationInsight", "ApplicationInsight", "{D57BF11F-3A41-46FB-99F7-AF44309A724D}"
EndProject
Project("{FAE04EC0-301F-11D3-BF4B-00C04F79EFBC}") = "ApplicationInsight", "ApplicationInsight\ApplicationInsight.csproj", "{7CEE7991-C469-42CF-A80A-C1C777C3F833}"
EndProject
Global
	GlobalSection(SolutionConfigurationPlatforms) = preSolution
		Debug|Any CPU = Debug|Any CPU
		Release|Any CPU = Release|Any CPU
	EndGlobalSection
	GlobalSection(ProjectConfigurationPlatforms) = postSolution
		{A875B4BE-B0DD-4134-93BC-E666726F80B7}.Debug|Any CPU.ActiveCfg = Debug|Any CPU
		{A875B4BE-B0DD-4134-93BC-E666726F80B7}.Debug|Any CPU.Build.0 = Debug|Any CPU
		{A875B4BE-B0DD-4134-93BC-E666726F80B7}.Release|Any CPU.ActiveCfg = Release|Any CPU
		{A875B4BE-B0DD-4134-93BC-E666726F80B7}.Release|Any CPU.Build.0 = Release|Any CPU
		{470DF7C9-9B19-4E9B-B3E5-5A759DF63448}.Debug|Any CPU.ActiveCfg = Debug|Any CPU
		{470DF7C9-9B19-4E9B-B3E5-5A759DF63448}.Debug|Any CPU.Build.0 = Debug|Any CPU
		{470DF7C9-9B19-4E9B-B3E5-5A759DF63448}.Release|Any CPU.ActiveCfg = Release|Any CPU
		{470DF7C9-9B19-4E9B-B3E5-5A759DF63448}.Release|Any CPU.Build.0 = Release|Any CPU
		{051B6221-6129-484B-910F-D4998043625A}.Debug|Any CPU.ActiveCfg = Debug|Any CPU
		{051B6221-6129-484B-910F-D4998043625A}.Debug|Any CPU.Build.0 = Debug|Any CPU
		{051B6221-6129-484B-910F-D4998043625A}.Release|Any CPU.ActiveCfg = Release|Any CPU
		{051B6221-6129-484B-910F-D4998043625A}.Release|Any CPU.Build.0 = Release|Any CPU
		{986C252E-C30F-49AB-B4CA-3914778D485A}.Debug|Any CPU.ActiveCfg = Debug|Any CPU
		{986C252E-C30F-49AB-B4CA-3914778D485A}.Debug|Any CPU.Build.0 = Debug|Any CPU
		{986C252E-C30F-49AB-B4CA-3914778D485A}.Release|Any CPU.ActiveCfg = Release|Any CPU
		{986C252E-C30F-49AB-B4CA-3914778D485A}.Release|Any CPU.Build.0 = Release|Any CPU
		{88C3B97E-0C3E-4476-8F00-BD3B241F19C2}.Debug|Any CPU.ActiveCfg = Debug|Any CPU
		{88C3B97E-0C3E-4476-8F00-BD3B241F19C2}.Debug|Any CPU.Build.0 = Debug|Any CPU
		{88C3B97E-0C3E-4476-8F00-BD3B241F19C2}.Release|Any CPU.ActiveCfg = Release|Any CPU
		{88C3B97E-0C3E-4476-8F00-BD3B241F19C2}.Release|Any CPU.Build.0 = Release|Any CPU
		{7A7E54CC-4AB2-483F-BAEB-3B7BB1D57CC6}.Debug|Any CPU.ActiveCfg = Debug|Any CPU
		{7A7E54CC-4AB2-483F-BAEB-3B7BB1D57CC6}.Debug|Any CPU.Build.0 = Debug|Any CPU
		{7A7E54CC-4AB2-483F-BAEB-3B7BB1D57CC6}.Release|Any CPU.ActiveCfg = Release|Any CPU
		{7A7E54CC-4AB2-483F-BAEB-3B7BB1D57CC6}.Release|Any CPU.Build.0 = Release|Any CPU
		{9B0D8F14-D8AD-4F75-A3D0-0DE5C237B8EF}.Debug|Any CPU.ActiveCfg = Debug|Any CPU
		{9B0D8F14-D8AD-4F75-A3D0-0DE5C237B8EF}.Debug|Any CPU.Build.0 = Debug|Any CPU
		{9B0D8F14-D8AD-4F75-A3D0-0DE5C237B8EF}.Release|Any CPU.ActiveCfg = Release|Any CPU
		{9B0D8F14-D8AD-4F75-A3D0-0DE5C237B8EF}.Release|Any CPU.Build.0 = Release|Any CPU
		{0E0408F9-F376-4F2D-88BD-2865068B9CA2}.Debug|Any CPU.ActiveCfg = Debug|Any CPU
		{0E0408F9-F376-4F2D-88BD-2865068B9CA2}.Debug|Any CPU.Build.0 = Debug|Any CPU
		{0E0408F9-F376-4F2D-88BD-2865068B9CA2}.Release|Any CPU.ActiveCfg = Release|Any CPU
		{0E0408F9-F376-4F2D-88BD-2865068B9CA2}.Release|Any CPU.Build.0 = Release|Any CPU
		{6745D224-2A70-4972-A640-430263312C6E}.Debug|Any CPU.ActiveCfg = Debug|Any CPU
		{6745D224-2A70-4972-A640-430263312C6E}.Debug|Any CPU.Build.0 = Debug|Any CPU
		{6745D224-2A70-4972-A640-430263312C6E}.Release|Any CPU.ActiveCfg = Release|Any CPU
		{6745D224-2A70-4972-A640-430263312C6E}.Release|Any CPU.Build.0 = Release|Any CPU
		{282EEEC8-6F86-425E-9329-5B23DF612DA8}.Debug|Any CPU.ActiveCfg = Debug|Any CPU
		{282EEEC8-6F86-425E-9329-5B23DF612DA8}.Debug|Any CPU.Build.0 = Debug|Any CPU
		{282EEEC8-6F86-425E-9329-5B23DF612DA8}.Release|Any CPU.ActiveCfg = Release|Any CPU
		{282EEEC8-6F86-425E-9329-5B23DF612DA8}.Release|Any CPU.Build.0 = Release|Any CPU
		{E9A1D57A-216C-471E-9482-37ABE68E58E0}.Debug|Any CPU.ActiveCfg = Debug|Any CPU
		{E9A1D57A-216C-471E-9482-37ABE68E58E0}.Debug|Any CPU.Build.0 = Debug|Any CPU
		{E9A1D57A-216C-471E-9482-37ABE68E58E0}.Release|Any CPU.ActiveCfg = Release|Any CPU
		{E9A1D57A-216C-471E-9482-37ABE68E58E0}.Release|Any CPU.Build.0 = Release|Any CPU
		{7CEE7991-C469-42CF-A80A-C1C777C3F833}.Debug|Any CPU.ActiveCfg = Debug|Any CPU
		{7CEE7991-C469-42CF-A80A-C1C777C3F833}.Debug|Any CPU.Build.0 = Debug|Any CPU
		{7CEE7991-C469-42CF-A80A-C1C777C3F833}.Release|Any CPU.ActiveCfg = Release|Any CPU
		{7CEE7991-C469-42CF-A80A-C1C777C3F833}.Release|Any CPU.Build.0 = Release|Any CPU
	EndGlobalSection
	GlobalSection(SolutionProperties) = preSolution
		HideSolutionNode = FALSE
	EndGlobalSection
	GlobalSection(NestedProjects) = preSolution
		{A875B4BE-B0DD-4134-93BC-E666726F80B7} = {52BDFB60-4548-4C95-9BFE-DE6A75BC27CF}
		{BC96797D-8D9D-4947-8DAF-CFAB2B7131B6} = {52BDFB60-4548-4C95-9BFE-DE6A75BC27CF}
		{470DF7C9-9B19-4E9B-B3E5-5A759DF63448} = {BC96797D-8D9D-4947-8DAF-CFAB2B7131B6}
		{051B6221-6129-484B-910F-D4998043625A} = {F439E177-CFAF-4E12-B011-14027C849044}
		{986C252E-C30F-49AB-B4CA-3914778D485A} = {F439E177-CFAF-4E12-B011-14027C849044}
		{88C3B97E-0C3E-4476-8F00-BD3B241F19C2} = {72B89CBC-5E70-497D-8A0E-120788419058}
		{7A7E54CC-4AB2-483F-BAEB-3B7BB1D57CC6} = {01ABC77F-7057-4E73-87DC-F52DCCE2EE94}
		{9B0D8F14-D8AD-4F75-A3D0-0DE5C237B8EF} = {01ABC77F-7057-4E73-87DC-F52DCCE2EE94}
		{0E0408F9-F376-4F2D-88BD-2865068B9CA2} = {04C4EA69-CA9F-4C1D-AA59-24196994BA61}
		{6745D224-2A70-4972-A640-430263312C6E} = {18501ABD-7BAD-4279-B3FC-A78DDCA07F00}
		{282EEEC8-6F86-425E-9329-5B23DF612DA8} = {DB04EDE3-3753-4B64-8A57-513078E18F83}
		{E9A1D57A-216C-471E-9482-37ABE68E58E0} = {DB04EDE3-3753-4B64-8A57-513078E18F83}
		{7CEE7991-C469-42CF-A80A-C1C777C3F833} = {D57BF11F-3A41-46FB-99F7-AF44309A724D}
	EndGlobalSection
	GlobalSection(ExtensibilityGlobals) = postSolution
		SolutionGuid = {4455941B-F273-4C5D-854C-81EFBB03B5CF}
	EndGlobalSection
EndGlobal
